
Microsoft Visual Studio Solution File, Format Version 12.00
# Visual Studio Version 17
VisualStudioVersion = 17.1.32210.238
MinimumVisualStudioVersion = 10.0.40219.1
Project("{9A19103F-16F7-4668-BE54-9A1E7A4F7556}") = "SnailModdingTools.lib", "SnailModdingTools.lib\SnailModdingTools.lib.csproj", "{58EC92A0-05B4-43AB-83BF-21708194FA5E}"
EndProject
Project("{FAE04EC0-301F-11D3-BF4B-00C04F79EFBC}") = "SnailModdingTools", "SnailModdingTools\SnailModdingTools.csproj", "{8F55A8F5-3992-4207-8360-DFC7076F0FA7}"
EndProject
Global
	GlobalSection(SolutionConfigurationPlatforms) = preSolution
		Debug|Any CPU = Debug|Any CPU
		Release|Any CPU = Release|Any CPU
	EndGlobalSection
	GlobalSection(ProjectConfigurationPlatforms) = postSolution
		{58EC92A0-05B4-43AB-83BF-21708194FA5E}.Debug|Any CPU.ActiveCfg = Debug|Any CPU
		{58EC92A0-05B4-43AB-83BF-21708194FA5E}.Debug|Any CPU.Build.0 = Debug|Any CPU
		{58EC92A0-05B4-43AB-83BF-21708194FA5E}.Release|Any CPU.ActiveCfg = Release|Any CPU
		{58EC92A0-05B4-43AB-83BF-21708194FA5E}.Release|Any CPU.Build.0 = Release|Any CPU
		{8F55A8F5-3992-4207-8360-DFC7076F0FA7}.Debug|Any CPU.ActiveCfg = Debug|Any CPU
		{8F55A8F5-3992-4207-8360-DFC7076F0FA7}.Debug|Any CPU.Build.0 = Debug|Any CPU
		{8F55A8F5-3992-4207-8360-DFC7076F0FA7}.Release|Any CPU.ActiveCfg = Release|Any CPU
		{8F55A8F5-3992-4207-8360-DFC7076F0FA7}.Release|Any CPU.Build.0 = Release|Any CPU
	EndGlobalSection
	GlobalSection(SolutionProperties) = preSolution
		HideSolutionNode = FALSE
	EndGlobalSection
	GlobalSection(ExtensibilityGlobals) = postSolution
		SolutionGuid = {2D415346-1156-4D04-BA8C-6AF1D7FA6912}
	EndGlobalSection
EndGlobal
